
Microsoft Visual Studio Solution File, Format Version 12.00
# Visual Studio Version 17
VisualStudioVersion = 17.8.34004.107
MinimumVisualStudioVersion = 10.0.40219.1
Project("{54A90642-561A-4BB1-A94E-469ADEE60C69}") = "solteq-assignment.client", "solteq-assignment.client\solteq-assignment.client.esproj", "{38726FD8-F887-4CB2-AFCF-00A413F19DCE}"
EndProject
Project("{9A19103F-16F7-4668-BE54-9A1E7A4F7556}") = "Solteq-assignment.Server", "Solteq-assignment.Server\Solteq-assignment.Server.csproj", "{44EF7D69-29A2-4298-916A-AB91C0B7FB23}"
EndProject
Global
	GlobalSection(SolutionConfigurationPlatforms) = preSolution
		Debug|Any CPU = Debug|Any CPU
		Release|Any CPU = Release|Any CPU
	EndGlobalSection
	GlobalSection(ProjectConfigurationPlatforms) = postSolution
		{38726FD8-F887-4CB2-AFCF-00A413F19DCE}.Debug|Any CPU.ActiveCfg = Debug|Any CPU
		{38726FD8-F887-4CB2-AFCF-00A413F19DCE}.Debug|Any CPU.Build.0 = Debug|Any CPU
		{38726FD8-F887-4CB2-AFCF-00A413F19DCE}.Debug|Any CPU.Deploy.0 = Debug|Any CPU
		{38726FD8-F887-4CB2-AFCF-00A413F19DCE}.Release|Any CPU.ActiveCfg = Release|Any CPU
		{38726FD8-F887-4CB2-AFCF-00A413F19DCE}.Release|Any CPU.Build.0 = Release|Any CPU
		{38726FD8-F887-4CB2-AFCF-00A413F19DCE}.Release|Any CPU.Deploy.0 = Release|Any CPU
		{44EF7D69-29A2-4298-916A-AB91C0B7FB23}.Debug|Any CPU.ActiveCfg = Debug|Any CPU
		{44EF7D69-29A2-4298-916A-AB91C0B7FB23}.Debug|Any CPU.Build.0 = Debug|Any CPU
		{44EF7D69-29A2-4298-916A-AB91C0B7FB23}.Release|Any CPU.ActiveCfg = Release|Any CPU
		{44EF7D69-29A2-4298-916A-AB91C0B7FB23}.Release|Any CPU.Build.0 = Release|Any CPU
	EndGlobalSection
	GlobalSection(SolutionProperties) = preSolution
		HideSolutionNode = FALSE
	EndGlobalSection
	GlobalSection(ExtensibilityGlobals) = postSolution
		SolutionGuid = {74E5BC87-6ACC-41A5-80CB-77894ECA1F7E}
	EndGlobalSection
EndGlobal
